
Microsoft Visual Studio Solution File, Format Version 12.00
# Visual Studio Version 17
VisualStudioVersion = 17.12.35514.174
MinimumVisualStudioVersion = 10.0.40219.1
Project("{8BC9CEB8-8B4A-11D0-8D11-00A0C91BC942}") = "Client", "Project\Client\Client.vcxproj", "{A75D1762-4C99-402D-B1D9-37E6E7AC95F8}"
	ProjectSection(ProjectDependencies) = postProject
		{B3AF72ED-2A69-41FF-9754-3811A3D9AF51} = {B3AF72ED-2A69-41FF-9754-3811A3D9AF51}
	EndProjectSection
EndProject
Project("{8BC9CEB8-8B4A-11D0-8D11-00A0C91BC942}") = "Engine", "Project\Engine\Engine.vcxproj", "{B3AF72ED-2A69-41FF-9754-3811A3D9AF51}"
EndProject
Global
	GlobalSection(SolutionConfigurationPlatforms) = preSolution
		Debug|x64 = Debug|x64
		Debug|x86 = Debug|x86
		Release|x64 = Release|x64
		Release|x86 = Release|x86
	EndGlobalSection
	GlobalSection(ProjectConfigurationPlatforms) = postSolution
		{A75D1762-4C99-402D-B1D9-37E6E7AC95F8}.Debug|x64.ActiveCfg = Debug|x64
		{A75D1762-4C99-402D-B1D9-37E6E7AC95F8}.Debug|x64.Build.0 = Debug|x64
		{A75D1762-4C99-402D-B1D9-37E6E7AC95F8}.Debug|x86.ActiveCfg = Debug|Win32
		{A75D1762-4C99-402D-B1D9-37E6E7AC95F8}.Debug|x86.Build.0 = Debug|Win32
		{A75D1762-4C99-402D-B1D9-37E6E7AC95F8}.Release|x64.ActiveCfg = Release|x64
		{A75D1762-4C99-402D-B1D9-37E6E7AC95F8}.Release|x64.Build.0 = Release|x64
		{A75D1762-4C99-402D-B1D9-37E6E7AC95F8}.Release|x86.ActiveCfg = Release|Win32
		{A75D1762-4C99-402D-B1D9-37E6E7AC95F8}.Release|x86.Build.0 = Release|Win32
		{B3AF72ED-2A69-41FF-9754-3811A3D9AF51}.Debug|x64.ActiveCfg = Debug|x64
		{B3AF72ED-2A69-41FF-9754-3811A3D9AF51}.Debug|x64.Build.0 = Debug|x64
		{B3AF72ED-2A69-41FF-9754-3811A3D9AF51}.Debug|x86.ActiveCfg = Debug|Win32
		{B3AF72ED-2A69-41FF-9754-3811A3D9AF51}.Debug|x86.Build.0 = Debug|Win32
		{B3AF72ED-2A69-41FF-9754-3811A3D9AF51}.Release|x64.ActiveCfg = Release|x64
		{B3AF72ED-2A69-41FF-9754-3811A3D9AF51}.Release|x64.Build.0 = Release|x64
		{B3AF72ED-2A69-41FF-9754-3811A3D9AF51}.Release|x86.ActiveCfg = Release|Win32
		{B3AF72ED-2A69-41FF-9754-3811A3D9AF51}.Release|x86.Build.0 = Release|Win32
	EndGlobalSection
	GlobalSection(SolutionProperties) = preSolution
		HideSolutionNode = FALSE
	EndGlobalSection
EndGlobal
